
Microsoft Visual Studio Solution File, Format Version 12.00
# Visual Studio Version 17
VisualStudioVersion = 17.14.36603.0
MinimumVisualStudioVersion = 10.0.40219.1
Project("{FAE04EC0-301F-11D3-BF4B-00C04F79EFBC}") = "ProjectLibrary", "ProjectLibrary.Core\ProjectLibrary.csproj", "{97BCF524-D90F-D07A-B7FD-96C041838DCB}"
EndProject
Project("{FAE04EC0-301F-11D3-BF4B-00C04F79EFBC}") = "LibraryDomain", "LibraryDomain\LibraryDomain.csproj", "{16B70262-0EED-DEF2-2884-6769FC6A366B}"
EndProject
Project("{FAE04EC0-301F-11D3-BF4B-00C04F79EFBC}") = "Library.EFCore", "Library.EFCore\Library.EFCore.csproj", "{88895C73-182E-23DB-3E01-81F5FFEA3A66}"
EndProject
Global
	GlobalSection(SolutionConfigurationPlatforms) = preSolution
		Debug|Any CPU = Debug|Any CPU
		Release|Any CPU = Release|Any CPU
	EndGlobalSection
	GlobalSection(ProjectConfigurationPlatforms) = postSolution
		{97BCF524-D90F-D07A-B7FD-96C041838DCB}.Debug|Any CPU.ActiveCfg = Debug|Any CPU
		{97BCF524-D90F-D07A-B7FD-96C041838DCB}.Debug|Any CPU.Build.0 = Debug|Any CPU
		{97BCF524-D90F-D07A-B7FD-96C041838DCB}.Release|Any CPU.ActiveCfg = Release|Any CPU
		{97BCF524-D90F-D07A-B7FD-96C041838DCB}.Release|Any CPU.Build.0 = Release|Any CPU
		{16B70262-0EED-DEF2-2884-6769FC6A366B}.Debug|Any CPU.ActiveCfg = Debug|Any CPU
		{16B70262-0EED-DEF2-2884-6769FC6A366B}.Debug|Any CPU.Build.0 = Debug|Any CPU
		{16B70262-0EED-DEF2-2884-6769FC6A366B}.Release|Any CPU.ActiveCfg = Release|Any CPU
		{16B70262-0EED-DEF2-2884-6769FC6A366B}.Release|Any CPU.Build.0 = Release|Any CPU
		{88895C73-182E-23DB-3E01-81F5FFEA3A66}.Debug|Any CPU.ActiveCfg = Debug|Any CPU
		{88895C73-182E-23DB-3E01-81F5FFEA3A66}.Debug|Any CPU.Build.0 = Debug|Any CPU
		{88895C73-182E-23DB-3E01-81F5FFEA3A66}.Release|Any CPU.ActiveCfg = Release|Any CPU
		{88895C73-182E-23DB-3E01-81F5FFEA3A66}.Release|Any CPU.Build.0 = Release|Any CPU
	EndGlobalSection
	GlobalSection(SolutionProperties) = preSolution
		HideSolutionNode = FALSE
	EndGlobalSection
	GlobalSection(ExtensibilityGlobals) = postSolution
		SolutionGuid = {EF5C58BC-0C1D-4510-9457-0020869398AB}
	EndGlobalSection
EndGlobal
